<Solution>
  <Folder Name="/src/backend/">
    <Project Path="src/backend/domains/DA.KinHub.Domain/DA.KinHub.Domain.csproj" />
    <Project Path="src/backend/business/DA.KinHub.Business/DA.KinHub.Business.csproj" />
    <Project Path="src/backend/infrastructure/DA.KinHub.Infrastructure/DA.KinHub.Infrastructure.csproj" />
    <Project Path="src/backend/applications/DA.KinHub.Functions/DA.KinHub.Functions.csproj" />
  </Folder>
  <Folder Name="/tests/">
    <Project Path="tests/DA.KinHub.Domain.Tests/DA.KinHub.Domain.Tests.csproj" />
    <Project Path="tests/DA.KinHub.Business.Tests/DA.KinHub.Business.Tests.csproj" />
    <Project Path="tests/DA.KinHub.IntegrationTests/DA.KinHub.IntegrationTests.csproj" />
  </Folder>
</Solution>
